
Microsoft Visual Studio Solution File, Format Version 12.00
# Visual Studio Version 17
VisualStudioVersion = 17.7.34031.279
MinimumVisualStudioVersion = 10.0.40219.1
Project("{FAE04EC0-301F-11D3-BF4B-00C04F79EFBC}") = "rental", "rental\rental.csproj", "{A8D36358-2261-4538-85DD-34CA3DA2E084}"
EndProject
Global
	GlobalSection(SolutionConfigurationPlatforms) = preSolution
		Debug|Any CPU = Debug|Any CPU
		Release|Any CPU = Release|Any CPU
	EndGlobalSection
	GlobalSection(ProjectConfigurationPlatforms) = postSolution
		{A8D36358-2261-4538-85DD-34CA3DA2E084}.Debug|Any CPU.ActiveCfg = Debug|Any CPU
		{A8D36358-2261-4538-85DD-34CA3DA2E084}.Debug|Any CPU.Build.0 = Debug|Any CPU
		{A8D36358-2261-4538-85DD-34CA3DA2E084}.Release|Any CPU.ActiveCfg = Release|Any CPU
		{A8D36358-2261-4538-85DD-34CA3DA2E084}.Release|Any CPU.Build.0 = Release|Any CPU
	EndGlobalSection
	GlobalSection(SolutionProperties) = preSolution
		HideSolutionNode = FALSE
	EndGlobalSection
	GlobalSection(ExtensibilityGlobals) = postSolution
		SolutionGuid = {79216A67-B21D-466A-8BF1-FE11D578D96D}
	EndGlobalSection
EndGlobal
